
Microsoft Visual Studio Solution File, Format Version 12.00
# Visual Studio Version 17
VisualStudioVersion = 17.3.32929.385
MinimumVisualStudioVersion = 10.0.40219.1
Project("{FAE04EC0-301F-11D3-BF4B-00C04F79EFBC}") = "Quiz_Show", "Quiz_Show\Quiz_Show.csproj", "{CE438EA9-C2F0-4488-851D-AC704E57E46D}"
EndProject
Global
	GlobalSection(SolutionConfigurationPlatforms) = preSolution
		Debug|Any CPU = Debug|Any CPU
		Release|Any CPU = Release|Any CPU
	EndGlobalSection
	GlobalSection(ProjectConfigurationPlatforms) = postSolution
		{CE438EA9-C2F0-4488-851D-AC704E57E46D}.Debug|Any CPU.ActiveCfg = Debug|Any CPU
		{CE438EA9-C2F0-4488-851D-AC704E57E46D}.Debug|Any CPU.Build.0 = Debug|Any CPU
		{CE438EA9-C2F0-4488-851D-AC704E57E46D}.Release|Any CPU.ActiveCfg = Release|Any CPU
		{CE438EA9-C2F0-4488-851D-AC704E57E46D}.Release|Any CPU.Build.0 = Release|Any CPU
	EndGlobalSection
	GlobalSection(SolutionProperties) = preSolution
		HideSolutionNode = FALSE
	EndGlobalSection
	GlobalSection(ExtensibilityGlobals) = postSolution
		SolutionGuid = {1A71315F-EE69-442A-B31F-1998D13D12D1}
	EndGlobalSection
EndGlobal
